terraform apply

Terraform used the selected providers to generate the following execution plan. Resource actions are indicated with the following symbols:
  + create

Terraform will perform the following actions:

  # aws_s3_bucket.state will be created
  + resource "aws_s3_bucket" "state" {
      + acceleration_status         = (known after apply)
      + acl                         = (known after apply)
      + arn                         = (known after apply)
      + bucket                      = "mybucketterraformname"
      + bucket_domain_name          = (known after apply)
      + bucket_prefix               = (known after apply)
      + bucket_regional_domain_name = (known after apply)
      + force_destroy               = false
      + hosted_zone_id              = (known after apply)
      + id                          = (known after apply)
      + object_lock_enabled         = (known after apply)
      + policy                      = (known after apply)
      + region                      = (known after apply)
      + request_payer               = (known after apply)
      + tags_all                    = (known after apply)
      + website_domain              = (known after apply)
      + website_endpoint            = (known after apply)

      + cors_rule (known after apply)

      + grant (known after apply)

      + lifecycle_rule (known after apply)

      + logging (known after apply)

      + object_lock_configuration (known after apply)

      + replication_configuration (known after apply)

      + server_side_encryption_configuration (known after apply)

      + versioning (known after apply)

      + website (known after apply)
    }

  # aws_s3_bucket_ownership_controls.state will be created
  + resource "aws_s3_bucket_ownership_controls" "state" {
      + bucket = (known after apply)
      + id     = (known after apply)

      + rule {
          + object_ownership = "BucketOwnerPreferred"
        }
    }

  # aws_s3_bucket_server_side_encryption_configuration.state will be created
  + resource "aws_s3_bucket_server_side_encryption_configuration" "state" {
      + bucket = (known after apply)
      + id     = (known after apply)

      + rule {
          + apply_server_side_encryption_by_default {
              + sse_algorithm     = "AES256"
                # (1 unchanged attribute hidden)
            }
        }
    }

  # aws_s3_bucket_versioning.state will be created
  + resource "aws_s3_bucket_versioning" "state" {
      + bucket = (known after apply)
      + id     = (known after apply)

      + versioning_configuration {
          + mfa_delete = (known after apply)
          + status     = "Enabled"
        }
    }

Plan: 4 to add, 0 to change, 0 to destroy.

Do you want to perform these actions?
  Terraform will perform the actions described above.
  Only 'yes' will be accepted to approve.

  Enter a value: yes

aws_s3_bucket.state: Creating...
aws_s3_bucket.state: Creation complete after 3s [id=mybucketterraformname]
aws_s3_bucket_ownership_controls.state: Creating...
aws_s3_bucket_server_side_encryption_configuration.state: Creating...
aws_s3_bucket_versioning.state: Creating...
aws_s3_bucket_ownership_controls.state: Creation complete after 1s [id=mybucketterraformname]
aws_s3_bucket_server_side_encryption_configuration.state: Creation complete after 2s [id=mybucketterraformname]
aws_s3_bucket_versioning.state: Creation complete after 2s [id=mybucketterraformname]

Apply complete! Resources: 4 added, 0 changed, 0 destroyed.

